// !$*UTF8*$!
{
	archiveVersion = 1;
	classes = {
	};
	objectVersion = 46;
	objects = {

/* Begin PBXBuildFile section */
		F81753191C3924B5000685DF /* main.m in Sources */ = {isa = PBXBuildFile; fileRef = F81753181C3924B5000685DF /* main.m */; };
		F817531C1C3924B5000685DF /* AppDelegate.m in Sources */ = {isa = PBXBuildFile; fileRef = F817531B1C3924B5000685DF /* AppDelegate.m */; };
		F817531F1C3924B5000685DF /* ViewController.m in Sources */ = {isa = PBXBuildFile; fileRef = F817531E1C3924B5000685DF /* ViewController.m */; };
		F81753221C3924B5000685DF /* Main.storyboard in Resources */ = {isa = PBXBuildFile; fileRef = F81753201C3924B5000685DF /* Main.storyboard */; };
		F81753241C3924B5000685DF /* Assets.xcassets in Resources */ = {isa = PBXBuildFile; fileRef = F81753231C3924B5000685DF /* Assets.xcassets */; };
		F81753271C3924B5000685DF /* LaunchScreen.storyboard in Resources */ = {isa = PBXBuildFile; fileRef = F81753251C3924B5000685DF /* LaunchScreen.storyboard */; };
/* End PBXBuildFile section */

/* Begin PBXFileReference section */
		F81753141C3924B5000685DF /* CreatShare160103.app */ = {isa = PBXFileReference; explicitFileType = wrapper.application; includeInIndex = 0; path = CreatShare160103.app; sourceTree = BUILT_PRODUCTS_DIR; };
		F81753181C3924B5000685DF /* main.m */ = {isa = PBXFileReference; lastKnownFileType = sourcecode.c.objc; path = main.m; sourceTree = "<group>"; };
		F817531A1C3924B5000685DF /* AppDelegate.h */ = {isa = PBXFileReference; lastKnownFileType = sourcecode.c.h; path = AppDelegate.h; sourceTree = "<group>"; };
		F817531B1C3924B5000685DF /* AppDelegate.m */ = {isa = PBXFileReference; lastKnownFileType = sourcecode.c.objc; path = AppDelegate.m; sourceTree = "<group>"; };
		F817531D1C3924B5000685DF /* ViewController.h */ = {isa = PBXFileReference; lastKnownFileType = sourcecode.c.h; path = ViewController.h; sourceTree = "<group>"; };
		F817531E1C3924B5000685DF /* ViewController.m */ = {isa = PBXFileReference; lastKnownFileType = sourcecode.c.objc; path = ViewController.m; sourceTree = "<group>"; };
		F81753211C3924B5000685DF /* Base */ = {isa = PBXFileReference; lastKnownFileType = file.storyboard; name = Base; path = Base.lproj/Main.storyboard; sourceTree = "<group>"; };
		F81753231C3924B5000685DF /* Assets.xcassets */ = {isa = PBXFileReference; lastKnownFileType = folder.assetcatalog; path = Assets.xcassets; sourceTree = "<group>"; };
		F81753261C3924B5000685DF /* Base */ = {isa = PBXFileReference; lastKnownFileType = file.storyboard; name = Base; path = Base.lproj/LaunchScreen.storyboard; sourceTree = "<group>"; };
		F81753281C3924B5000685DF /* Info.plist */ = {isa = PBXFileReference; lastKnownFileType = text.plist.xml; path = Info.plist; sourceTree = "<group>"; };
/* End PBXFileReference section */

/* Begin PBXFrameworksBuildPhase section */
		F81753111C3924B5000685DF /* Frameworks */ = {
			isa = PBXFrameworksBuildPhase;
			buildActionMask = 2147483647;
			files = (
			);
			runOnlyForDeploymentPostprocessing = 0;
		};
/* End PBXFrameworksBuildPhase section */

/* Begin PBXGroup section */
		F817530B1C3924B5000685DF = {
			isa = PBXGroup;
			children = (
				F81753161C3924B5000685DF /* CreatShare160103 */,
				F81753151C3924B5000685DF /* Products */,
			);
			sourceTree = "<group>";
		};
		F81753151C3924B5000685DF /* Products */ = {
			isa = PBXGroup;
			children = (
				F81753141C3924B5000685DF /* CreatShare160103.app */,
			);
			name = Products;
			sourceTree = "<group>";
		};
		F81753161C3924B5000685DF /* CreatShare160103 */ = {
			isa = PBXGroup;
			children = (
				F817531A1C3924B5000685DF /* AppDelegate.h */,
				F817531B1C3924B5000685DF /* AppDelegate.m */,
				F817531D1C3924B5000685DF /* ViewController.h */,
				F817531E1C3924B5000685DF /* ViewController.m */,
				F81753201C3924B5000685DF /* Main.storyboard */,
				F81753231C3924B5000685DF /* Assets.xcassets */,
				F81753251C3924B5000685DF /* LaunchScreen.storyboard */,
				F81753281C3924B5000685DF /* Info.plist */,
				F81753171C3924B5000685DF /* Supporting Files */,
			);
			path = CreatShare160103;
			sourceTree = "<group>";
		};
		F81753171C3924B5000685DF /* Supporting Files */ = {
			isa = PBXGroup;
			children = (
				F81753181C3924B5000685DF /* main.m */,
			);
			name = "Supporting Files";
			sourceTree = "<group>";
		};
/* End PBXGroup section */

/* Begin PBXNativeTarget section */
		F81753131C3924B5000685DF /* CreatShare160103 */ = {
			isa = PBXNativeTarget;
			buildConfigurationList = F817532B1C3924B5000685DF /* Build configuration list for PBXNativeTarget "CreatShare160103" */;
			buildPhases = (
				F81753101C3924B5000685DF /* Sources */,
				F81753111C3924B5000685DF /* Frameworks */,
				F81753121C3924B5000685DF /* Resources */,
			);
			buildRules = (
			);
			dependencies = (
			);
			name = CreatShare160103;
			productName = CreatShare160103;
			productReference = F81753141C3924B5000685DF /* CreatShare160103.app */;
			productType = "com.apple.product-type.application";
		};
/* End PBXNativeTarget section */

/* Begin PBXProject section */
		F817530C1C3924B5000685DF /* Project object */ = {
			isa = PBXProject;
			attributes = {
				LastUpgradeCheck = 0720;
				ORGANIZATIONNAME = w91379137;
				TargetAttributes = {
					F81753131C3924B5000685DF = {
						CreatedOnToolsVersion = 7.2;
					};
				};
			};
			buildConfigurationList = F817530F1C3924B5000685DF /* Build configuration list for PBXProject "CreatShare160103" */;
			compatibilityVersion = "Xcode 3.2";
			developmentRegion = English;
			hasScannedForEncodings = 0;
			knownRegions = (
				en,
				Base,
			);
			mainGroup = F817530B1C3924B5000685DF;
			productRefGroup = F81753151C3924B5000685DF /* Products */;
			projectDirPath = "";
			projectRoot = "";
			targets = (
				F81753131C3924B5000685DF /* CreatShare160103 */,
			);
		};
/* End PBXProject section */

/* Begin PBXResourcesBuildPhase section */
		F81753121C3924B5000685DF /* Resources */ = {
			isa = PBXResourcesBuildPhase;
			buildActionMask = 2147483647;
			files = (
				F81753271C3924B5000685DF /* LaunchScreen.storyboard in Resources */,
				F81753241C3924B5000685DF /* Assets.xcassets in Resources */,
				F81753221C3924B5000685DF /* Main.storyboard in Resources */,
			);
			runOnlyForDeploymentPostprocessing = 0;
		};
/* End PBXResourcesBuildPhase section */

/* Begin PBXSourcesBuildPhase section */
		F81753101C3924B5000685DF /* Sources */ = {
			isa = PBXSourcesBuildPhase;
			buildActionMask = 2147483647;
			files = (
				F817531F1C3924B5000685DF /* ViewController.m in Sources */,
				F817531C1C3924B5000685DF /* AppDelegate.m in Sources */,
				F81753191C3924B5000685DF /* main.m in Sources */,
			);
			runOnlyForDeploymentPostprocessing = 0;
		};
/* End PBXSourcesBuildPhase section */

/* Begin PBXVariantGroup section */
		F81753201C3924B5000685DF /* Main.storyboard */ = {
			isa = PBXVariantGroup;
			children = (
				F81753211C3924B5000685DF /* Base */,
			);
			name = Main.storyboard;
			sourceTree = "<group>";
		};
		F81753251C3924B5000685DF /* LaunchScreen.storyboard */ = {
			isa = PBXVariantGroup;
			children = (
				F81753261C3924B5000685DF /* Base */,
			);
			name = LaunchScreen.storyboard;
			sourceTree = "<group>";
		};
/* End PBXVariantGroup section */

/* Begin XCBuildConfiguration section */
		F81753291C3924B5000685DF /* Debug */ = {
			isa = XCBuildConfiguration;
			buildSettings = {
				ALWAYS_SEARCH_USER_PATHS = NO;
				CLANG_CXX_LANGUAGE_STANDARD = "gnu++0x";
				CLANG_CXX_LIBRARY = "libc++";
				CLANG_ENABLE_MODULES = YES;
				CLANG_ENABLE_OBJC_ARC = YES;
				CLANG_WARN_BOOL_CONVERSION = YES;
				CLANG_WARN_CONSTANT_CONVERSION = YES;
				CLANG_WARN_DIRECT_OBJC_ISA_USAGE = YES_ERROR;
				CLANG_WARN_EMPTY_BODY = YES;
				CLANG_WARN_ENUM_CONVERSION = YES;
				CLANG_WARN_INT_CONVERSION = YES;
				CLANG_WARN_OBJC_ROOT_CLASS = YES_ERROR;
				CLANG_WARN_UNREACHABLE_CODE = YES;
				CLANG_WARN__DUPLICATE_METHOD_MATCH = YES;
				"CODE_SIGN_IDENTITY[sdk=iphoneos*]" = "iPhone Developer";
				COPY_PHASE_STRIP = NO;
				DEBUG_INFORMATION_FORMAT = dwarf;
				ENABLE_STRICT_OBJC_MSGSEND = YES;
				ENABLE_TESTABILITY = YES;
				GCC_C_LANGUAGE_STANDARD = gnu99;
				GCC_DYNAMIC_NO_PIC = NO;
				GCC_NO_COMMON_BLOCKS = YES;
				GCC_OPTIMIZATION_LEVEL = 0;
				GCC_PREPROCESSOR_DEFINITIONS = (
					"DEBUG=1",
					"$(inherited)",
				);
				GCC_WARN_64_TO_32_BIT_CONVERSION = YES;
				GCC_WARN_ABOUT_RETURN_TYPE = YES_ERROR;
				GCC_WARN_UNDECLARED_SELECTOR = YES;
				GCC_WARN_UNINITIALIZED_AUTOS = YES_AGGRESSIVE;
				GCC_WARN_UNUSED_FUNCTION = YES;
				GCC_WARN_UNUSED_VARIABLE = YES;
				IPHONEOS_DEPLOYMENT_TARGET = 9.2;
				MTL_ENABLE_DEBUG_INFO = YES;
				ONLY_ACTIVE_ARCH = YES;
				SDKROOT = iphoneos;
			};
			name = Debug;
		};
		F817532A1C3924B5000685DF /* Release */ = {
			isa = XCBuildConfiguration;
			buildSettings = {
				ALWAYS_SEARCH_USER_PATHS = NO;
				CLANG_CXX_LANGUAGE_STANDARD = "gnu++0x";
				CLANG_CXX_LIBRARY = "libc++";
				CLANG_ENABLE_MODULES = YES;
				CLANG_ENABLE_OBJC_ARC = YES;
				CLANG_WARN_BOOL_CONVERSION = YES;
				CLANG_WARN_CONSTANT_CONVERSION = YES;
				CLANG_WARN_DIRECT_OBJC_ISA_USAGE = YES_ERROR;
				CLANG_WARN_EMPTY_BODY = YES;
				CLANG_WARN_ENUM_CONVERSION = YES;
				CLANG_WARN_INT_CONVERSION = YES;
				CLANG_WARN_OBJC_ROOT_CLASS = YES_ERROR;
				CLANG_WARN_UNREACHABLE_CODE = YES;
				CLANG_WARN__DUPLICATE_METHOD_MATCH = YES;
				"CODE_SIGN_IDENTITY[sdk=iphoneos*]" = "iPhone Developer";
				COPY_PHASE_STRIP = NO;
				DEBUG_INFORMATION_FORMAT = "dwarf-with-dsym";
				ENABLE_NS_ASSERTIONS = NO;
				ENABLE_STRICT_OBJC_MSGSEND = YES;
				GCC_C_LANGUAGE_STANDARD = gnu99;
				GCC_NO_COMMON_BLOCKS = YES;
				GCC_WARN_64_TO_32_BIT_CONVERSION = YES;
				GCC_WARN_ABOUT_RETURN_TYPE = YES_ERROR;
				GCC_WARN_UNDECLARED_SELECTOR = YES;
				GCC_WARN_UNINITIALIZED_AUTOS = YES_AGGRESSIVE;
				GCC_WARN_UNUSED_FUNCTION = YES;
				GCC_WARN_UNUSED_VARIABLE = YES;
				IPHONEOS_DEPLOYMENT_TARGET = 9.2;
				MTL_ENABLE_DEBUG_INFO = NO;
				SDKROOT = iphoneos;
				VALIDATE_PRODUCT = YES;
			};
			name = Release;
		};
		F817532C1C3924B5000685DF /* Debug */ = {
			isa = XCBuildConfiguration;
			buildSettings = {
				ASSETCATALOG_COMPILER_APPICON_NAME = AppIcon;
				INFOPLIST_FILE = CreatShare160103/Info.plist;
				LD_RUNPATH_SEARCH_PATHS = "$(inherited) @executable_path/Frameworks";
				PRODUCT_BUNDLE_IDENTIFIER = com.a.CreatShare160103;
				PRODUCT_NAME = "$(TARGET_NAME)";
			};
			name = Debug;
		};
		F817532D1C3924B5000685DF /* Release */ = {
			isa = XCBuildConfiguration;
			buildSettings = {
				ASSETCATALOG_COMPILER_APPICON_NAME = AppIcon;
				INFOPLIST_FILE = CreatShare160103/Info.plist;
				LD_RUNPATH_SEARCH_PATHS = "$(inherited) @executable_path/Frameworks";
				PRODUCT_BUNDLE_IDENTIFIER = com.a.CreatShare160103;
				PRODUCT_NAME = "$(TARGET_NAME)";
			};
			name = Release;
		};
/* End XCBuildConfiguration section */

/* Begin XCConfigurationList section */
		F817530F1C3924B5000685DF /* Build configuration list for PBXProject "CreatShare160103" */ = {
			isa = XCConfigurationList;
			buildConfigurations = (
				F81753291C3924B5000685DF /* Debug */,
				F817532A1C3924B5000685DF /* Release */,
			);
			defaultConfigurationIsVisible = 0;
			defaultConfigurationName = Release;
		};
		F817532B1C3924B5000685DF /* Build configuration list for PBXNativeTarget "CreatShare160103" */ = {
			isa = XCConfigurationList;
			buildConfigurations = (
				F817532C1C3924B5000685DF /* Debug */,
				F817532D1C3924B5000685DF /* Release */,
			);
			defaultConfigurationIsVisible = 0;
		};
/* End XCConfigurationList section */
	};
	rootObject = F817530C1C3924B5000685DF /* Project object */;
}
